
Microsoft Visual Studio Solution File, Format Version 12.00
# Visual Studio 15
VisualStudioVersion = 15.0.26430.16
MinimumVisualStudioVersion = 10.0.40219.1
Project("{FAE04EC0-301F-11D3-BF4B-00C04F79EFBC}") = "BotClient", "BotClient.csproj", "{F745E983-FC09-49CF-9B13-AE17DBFB6048}"
EndProject
Global
	GlobalSection(SolutionConfigurationPlatforms) = preSolution
		Debug|Any CPU = Debug|Any CPU
		Release|Any CPU = Release|Any CPU
	EndGlobalSection
	GlobalSection(ProjectConfigurationPlatforms) = postSolution
		{F745E983-FC09-49CF-9B13-AE17DBFB6048}.Debug|Any CPU.ActiveCfg = Debug|Any CPU
		{F745E983-FC09-49CF-9B13-AE17DBFB6048}.Debug|Any CPU.Build.0 = Debug|Any CPU
		{F745E983-FC09-49CF-9B13-AE17DBFB6048}.Release|Any CPU.ActiveCfg = Release|Any CPU
		{F745E983-FC09-49CF-9B13-AE17DBFB6048}.Release|Any CPU.Build.0 = Release|Any CPU
	EndGlobalSection
	GlobalSection(SolutionProperties) = preSolution
		HideSolutionNode = FALSE
	EndGlobalSection
EndGlobal
